
Microsoft Visual Studio Solution File, Format Version 12.00
# Visual Studio Version 17
VisualStudioVersion = 17.13.35931.197
MinimumVisualStudioVersion = 10.0.40219.1
Project("{2150E333-8FDC-42A3-9474-1A3956D46DE8}") = "src", "src", "{02EA681E-C7D8-13C7-8484-4AC65E1B71E8}"
EndProject
Project("{FAE04EC0-301F-11D3-BF4B-00C04F79EFBC}") = "UMS.WebAPI", "src\UMS.WebAPI\UMS.WebAPI.csproj", "{65393260-7110-4B49-8337-A3EC31742A47}"
EndProject
Project("{FAE04EC0-301F-11D3-BF4B-00C04F79EFBC}") = "Mediator", "src\Mediator\Mediator.csproj", "{3008B196-6705-4136-80CB-B1323E04C6B9}"
EndProject
Project("{FAE04EC0-301F-11D3-BF4B-00C04F79EFBC}") = "UMS.Application", "src\UMS.Application\UMS.Application.csproj", "{440C4E2F-862B-4D67-B20D-4B31AF5E1B37}"
EndProject
Project("{FAE04EC0-301F-11D3-BF4B-00C04F79EFBC}") = "UMS.SharedKernel", "src\UMS.SharedKernal\UMS.SharedKernel.csproj", "{55457FE6-6CB0-4AF8-AC5A-B62572F24AD2}"
EndProject
Project("{FAE04EC0-301F-11D3-BF4B-00C04F79EFBC}") = "UMS.Domain", "src\UMS.Domain\UMS.Domain.csproj", "{576A08CA-9616-48FB-A425-F59CC3BF5608}"
EndProject
Project("{FAE04EC0-301F-11D3-BF4B-00C04F79EFBC}") = "UMS.Infrastructure", "src\UMS.Infrastructure\UMS.Infrastructure.csproj", "{462A3938-0FF4-4F90-A340-88F809624D73}"
EndProject
Project("{2150E333-8FDC-42A3-9474-1A3956D46DE8}") = "tests", "tests", "{10C9532A-CF8D-485C-B83A-DA7D2D7DB5BB}"
EndProject
Project("{FAE04EC0-301F-11D3-BF4B-00C04F79EFBC}") = "UMS.Application.UnitTests", "tests\UMS.Application.UnitTests\UMS.Application.UnitTests.csproj", "{FABC6F93-8825-40CA-889F-33E49E188483}"
EndProject
Project("{FAE04EC0-301F-11D3-BF4B-00C04F79EFBC}") = "UMS.API.IntegrationTests", "tests\UMS.API.IntegrationTests\UMS.API.IntegrationTests.csproj", "{234E95CA-7A16-49A9-921A-6B97C93B9FEE}"
EndProject
Global
	GlobalSection(SolutionConfigurationPlatforms) = preSolution
		Debug|Any CPU = Debug|Any CPU
		Release|Any CPU = Release|Any CPU
	EndGlobalSection
	GlobalSection(ProjectConfigurationPlatforms) = postSolution
		{65393260-7110-4B49-8337-A3EC31742A47}.Debug|Any CPU.ActiveCfg = Debug|Any CPU
		{65393260-7110-4B49-8337-A3EC31742A47}.Debug|Any CPU.Build.0 = Debug|Any CPU
		{65393260-7110-4B49-8337-A3EC31742A47}.Release|Any CPU.ActiveCfg = Release|Any CPU
		{65393260-7110-4B49-8337-A3EC31742A47}.Release|Any CPU.Build.0 = Release|Any CPU
		{3008B196-6705-4136-80CB-B1323E04C6B9}.Debug|Any CPU.ActiveCfg = Debug|Any CPU
		{3008B196-6705-4136-80CB-B1323E04C6B9}.Debug|Any CPU.Build.0 = Debug|Any CPU
		{3008B196-6705-4136-80CB-B1323E04C6B9}.Release|Any CPU.ActiveCfg = Release|Any CPU
		{3008B196-6705-4136-80CB-B1323E04C6B9}.Release|Any CPU.Build.0 = Release|Any CPU
		{440C4E2F-862B-4D67-B20D-4B31AF5E1B37}.Debug|Any CPU.ActiveCfg = Debug|Any CPU
		{440C4E2F-862B-4D67-B20D-4B31AF5E1B37}.Debug|Any CPU.Build.0 = Debug|Any CPU
		{440C4E2F-862B-4D67-B20D-4B31AF5E1B37}.Release|Any CPU.ActiveCfg = Release|Any CPU
		{440C4E2F-862B-4D67-B20D-4B31AF5E1B37}.Release|Any CPU.Build.0 = Release|Any CPU
		{55457FE6-6CB0-4AF8-AC5A-B62572F24AD2}.Debug|Any CPU.ActiveCfg = Debug|Any CPU
		{55457FE6-6CB0-4AF8-AC5A-B62572F24AD2}.Debug|Any CPU.Build.0 = Debug|Any CPU
		{55457FE6-6CB0-4AF8-AC5A-B62572F24AD2}.Release|Any CPU.ActiveCfg = Release|Any CPU
		{55457FE6-6CB0-4AF8-AC5A-B62572F24AD2}.Release|Any CPU.Build.0 = Release|Any CPU
		{576A08CA-9616-48FB-A425-F59CC3BF5608}.Debug|Any CPU.ActiveCfg = Debug|Any CPU
		{576A08CA-9616-48FB-A425-F59CC3BF5608}.Debug|Any CPU.Build.0 = Debug|Any CPU
		{576A08CA-9616-48FB-A425-F59CC3BF5608}.Release|Any CPU.ActiveCfg = Release|Any CPU
		{576A08CA-9616-48FB-A425-F59CC3BF5608}.Release|Any CPU.Build.0 = Release|Any CPU
		{462A3938-0FF4-4F90-A340-88F809624D73}.Debug|Any CPU.ActiveCfg = Debug|Any CPU
		{462A3938-0FF4-4F90-A340-88F809624D73}.Debug|Any CPU.Build.0 = Debug|Any CPU
		{462A3938-0FF4-4F90-A340-88F809624D73}.Release|Any CPU.ActiveCfg = Release|Any CPU
		{462A3938-0FF4-4F90-A340-88F809624D73}.Release|Any CPU.Build.0 = Release|Any CPU
		{FABC6F93-8825-40CA-889F-33E49E188483}.Debug|Any CPU.ActiveCfg = Debug|Any CPU
		{FABC6F93-8825-40CA-889F-33E49E188483}.Debug|Any CPU.Build.0 = Debug|Any CPU
		{FABC6F93-8825-40CA-889F-33E49E188483}.Release|Any CPU.ActiveCfg = Release|Any CPU
		{FABC6F93-8825-40CA-889F-33E49E188483}.Release|Any CPU.Build.0 = Release|Any CPU
		{234E95CA-7A16-49A9-921A-6B97C93B9FEE}.Debug|Any CPU.ActiveCfg = Debug|Any CPU
		{234E95CA-7A16-49A9-921A-6B97C93B9FEE}.Debug|Any CPU.Build.0 = Debug|Any CPU
		{234E95CA-7A16-49A9-921A-6B97C93B9FEE}.Release|Any CPU.ActiveCfg = Release|Any CPU
		{234E95CA-7A16-49A9-921A-6B97C93B9FEE}.Release|Any CPU.Build.0 = Release|Any CPU
	EndGlobalSection
	GlobalSection(SolutionProperties) = preSolution
		HideSolutionNode = FALSE
	EndGlobalSection
	GlobalSection(NestedProjects) = preSolution
		{65393260-7110-4B49-8337-A3EC31742A47} = {02EA681E-C7D8-13C7-8484-4AC65E1B71E8}
		{3008B196-6705-4136-80CB-B1323E04C6B9} = {02EA681E-C7D8-13C7-8484-4AC65E1B71E8}
		{440C4E2F-862B-4D67-B20D-4B31AF5E1B37} = {02EA681E-C7D8-13C7-8484-4AC65E1B71E8}
		{55457FE6-6CB0-4AF8-AC5A-B62572F24AD2} = {02EA681E-C7D8-13C7-8484-4AC65E1B71E8}
		{576A08CA-9616-48FB-A425-F59CC3BF5608} = {02EA681E-C7D8-13C7-8484-4AC65E1B71E8}
		{462A3938-0FF4-4F90-A340-88F809624D73} = {02EA681E-C7D8-13C7-8484-4AC65E1B71E8}
		{FABC6F93-8825-40CA-889F-33E49E188483} = {10C9532A-CF8D-485C-B83A-DA7D2D7DB5BB}
		{234E95CA-7A16-49A9-921A-6B97C93B9FEE} = {10C9532A-CF8D-485C-B83A-DA7D2D7DB5BB}
	EndGlobalSection
	GlobalSection(ExtensibilityGlobals) = postSolution
		SolutionGuid = {1500FE3A-FABB-48AD-B514-762800B55A72}
	EndGlobalSection
EndGlobal
